<?xml version="1.0" encoding="utf-8"?>
<Project ToolsVersion="4.0" xmlns="http://schemas.microsoft.com/developer/msbuild/2003">
  <ItemGroup>
    <Filter Include="Source Files">
      <UniqueIdentifier>{4FC737F1-C7A5-4376-A066-2A32D752A2FF}</UniqueIdentifier>
      <Extensions>cpp;c;cc;cxx;c++;def;odl;idl;hpj;bat;asm;asmx</Extensions>
    </Filter>
    <Filter Include="Header Files">
      <UniqueIdentifier>{93995380-89BD-4b04-88EB-625FBE52EBFB}</UniqueIdentifier>
      <Extensions>h;hh;hpp;hxx;h++;hm;inl;inc;ipp;xsd</Extensions>
    </Filter>
    <Filter Include="Resource Files">
      <UniqueIdentifier>{67DA6AB6-F800-4c08-8B7A-83BB121AAD01}</UniqueIdentifier>
      <Extensions>rc;ico;cur;bmp;dlg;rc2;rct;bin;rgs;gif;jpg;jpeg;jpe;resx;tiff;tif;png;wav;mfcribbon-ms</Extensions>
    </Filter>
    <Filter Include="Aleksei">
      <UniqueIdentifier>{ac978b86-4c2e-423c-8a12-483cdb76cf5b}</UniqueIdentifier>
    </Filter>
  </ItemGroup>
  <ItemGroup>
    <ClCompile Include="cApp.cpp">
      <Filter>Source Files</Filter>
    </ClCompile>
    <ClCompile Include="cMain.cpp">
      <Filter>Source Files</Filter>
    </ClCompile>
    <ClCompile Include="Company.cpp">
      <Filter>Source Files</Filter>
    </ClCompile>
    <ClCompile Include="Customer.cpp">
      <Filter>Source Files</Filter>
    </ClCompile>
    <ClCompile Include="ForwardList.cpp">
      <Filter>Source Files</Filter>
    </ClCompile>
    <ClCompile Include="IndexManager.cpp">
      <Filter>Source Files</Filter>
    </ClCompile>
    <ClCompile Include="PrimeNumbersManager.cpp">
      <Filter>Source Files</Filter>
    </ClCompile>
    <ClCompile Include="ServiceDuration.cpp">
      <Filter>Source Files</Filter>
    </ClCompile>
    <ClCompile Include="ServicePrice.cpp">
      <Filter>Source Files</Filter>
    </ClCompile>
    <ClCompile Include="AlexanderHashTable.cpp">
      <Filter>Source Files</Filter>
    </ClCompile>
    <ClCompile Include="AlexanderRBTree.cpp">
      <Filter>Source Files</Filter>
    </ClCompile>
    <ClCompile Include="AlekseiRBTree.cpp">
      <Filter>Source Files</Filter>
    </ClCompile>
    <ClCompile Include="WindowAddCustomer.cpp">
      <Filter>Source Files</Filter>
    </ClCompile>
    <ClCompile Include="WindowAddServiceDuration.cpp">
      <Filter>Source Files</Filter>
    </ClCompile>
    <ClCompile Include="WindowAddServicePrice.cpp">
      <Filter>Source Files</Filter>
    </ClCompile>
    <ClCompile Include="WindowAddCompany.cpp">
      <Filter>Source Files</Filter>
    </ClCompile>
    <ClCompile Include="AlekseiHashTable.cpp">
      <Filter>Aleksei</Filter>
    </ClCompile>
    <ClCompile Include="WindowRemove.cpp">
      <Filter>Source Files</Filter>
    </ClCompile>
    <ClCompile Include="WindowFind.cpp">
      <Filter>Source Files</Filter>
    </ClCompile>
  </ItemGroup>
  <ItemGroup>
    <ClInclude Include="cApp.h">
      <Filter>Header Files</Filter>
    </ClInclude>
    <ClInclude Include="cMain.h">
      <Filter>Header Files</Filter>
    </ClInclude>
    <ClInclude Include="Company.h">
      <Filter>Header Files</Filter>
    </ClInclude>
    <ClInclude Include="Customer.h">
      <Filter>Header Files</Filter>
    </ClInclude>
    <ClInclude Include="ForwardList.h">
      <Filter>Header Files</Filter>
    </ClInclude>
    <ClInclude Include="IndexManager.h">
      <Filter>Header Files</Filter>
    </ClInclude>
    <ClInclude Include="Pair.h">
      <Filter>Header Files</Filter>
    </ClInclude>
    <ClInclude Include="PrimeNumbersManager.h">
      <Filter>Header Files</Filter>
    </ClInclude>
    <ClInclude Include="ServiceDuration.h">
      <Filter>Header Files</Filter>
    </ClInclude>
    <ClInclude Include="ServicePrice.h">
      <Filter>Header Files</Filter>
    </ClInclude>
    <ClInclude Include="Vector.h">
      <Filter>Header Files</Filter>
    </ClInclude>
    <ClInclude Include="BinarySearchTree.h">
      <Filter>Header Files</Filter>
    </ClInclude>
    <ClInclude Include="AlexanderRBTree.h">
      <Filter>Header Files</Filter>
    </ClInclude>
    <ClInclude Include="AlekseiRBTree.h">
      <Filter>Header Files</Filter>
    </ClInclude>
    <ClInclude Include="AlexanderHashTable.h">
      <Filter>Header Files</Filter>
    </ClInclude>
    <ClInclude Include="WindowAddCustomer.h">
      <Filter>Header Files</Filter>
    </ClInclude>
    <ClInclude Include="WindowAddServiceDuration.h">
      <Filter>Header Files</Filter>
    </ClInclude>
    <ClInclude Include="WindowAddServicePrice.h">
      <Filter>Header Files</Filter>
    </ClInclude>
    <ClInclude Include="WindowAddCompany.h">
      <Filter>Header Files</Filter>
    </ClInclude>
    <ClInclude Include="AlekseiHashTable.h">
      <Filter>Aleksei</Filter>
    </ClInclude>
    <ClInclude Include="WindowFind.h">
      <Filter>Header Files</Filter>
    </ClInclude>
    <ClInclude Include="WindowRemove.h">
      <Filter>Header Files</Filter>
    </ClInclude>
  </ItemGroup>
</Project>